// !$*UTF8*$!
{
	archiveVersion = 1;
	classes = {
	};
	objectVersion = 56;
	objects = {

/* Begin PBXBuildFile section */
		25A225052B8EC1BC0073494F /* MapKitDemoApp.swift in Sources */ = {isa = PBXBuildFile; fileRef = 25A225042B8EC1BC0073494F /* MapKitDemoApp.swift */; };
		25A225072B8EC1BC0073494F /* ContentView.swift in Sources */ = {isa = PBXBuildFile; fileRef = 25A225062B8EC1BC0073494F /* ContentView.swift */; };
		25A225092B8EC1BD0073494F /* Assets.xcassets in Resources */ = {isa = PBXBuildFile; fileRef = 25A225082B8EC1BD0073494F /* Assets.xcassets */; };
		25A2250C2B8EC1BD0073494F /* Preview Assets.xcassets in Resources */ = {isa = PBXBuildFile; fileRef = 25A2250B2B8EC1BD0073494F /* Preview Assets.xcassets */; };
		25A225162B8EC1BD0073494F /* MapKitDemoTests.swift in Sources */ = {isa = PBXBuildFile; fileRef = 25A225152B8EC1BD0073494F /* MapKitDemoTests.swift */; };
		25A225202B8EC1BD0073494F /* MapKitDemoUITests.swift in Sources */ = {isa = PBXBuildFile; fileRef = 25A2251F2B8EC1BD0073494F /* MapKitDemoUITests.swift */; };
		25A225222B8EC1BD0073494F /* MapKitDemoUITestsLaunchTests.swift in Sources */ = {isa = PBXBuildFile; fileRef = 25A225212B8EC1BD0073494F /* MapKitDemoUITestsLaunchTests.swift */; };
		25A2252F2B8EC7D40073494F /* SplashScreenView.swift in Sources */ = {isa = PBXBuildFile; fileRef = 25A2252E2B8EC7D40073494F /* SplashScreenView.swift */; };
/* End PBXBuildFile section */

/* Begin PBXContainerItemProxy section */
		25A225122B8EC1BD0073494F /* PBXContainerItemProxy */ = {
			isa = PBXContainerItemProxy;
			containerPortal = 25A224F92B8EC1BB0073494F /* Project object */;
			proxyType = 1;
			remoteGlobalIDString = 25A225002B8EC1BC0073494F;
			remoteInfo = MapKitDemo;
		};
		25A2251C2B8EC1BD0073494F /* PBXContainerItemProxy */ = {
			isa = PBXContainerItemProxy;
			containerPortal = 25A224F92B8EC1BB0073494F /* Project object */;
			proxyType = 1;
			remoteGlobalIDString = 25A225002B8EC1BC0073494F;
			remoteInfo = MapKitDemo;
		};
/* End PBXContainerItemProxy section */

/* Begin PBXFileReference section */
		25A225012B8EC1BC0073494F /* MapKitDemo.app */ = {isa = PBXFileReference; explicitFileType = wrapper.application; includeInIndex = 0; path = MapKitDemo.app; sourceTree = BUILT_PRODUCTS_DIR; };
		25A225042B8EC1BC0073494F /* MapKitDemoApp.swift */ = {isa = PBXFileReference; lastKnownFileType = sourcecode.swift; path = MapKitDemoApp.swift; sourceTree = "<group>"; };
		25A225062B8EC1BC0073494F /* ContentView.swift */ = {isa = PBXFileReference; lastKnownFileType = sourcecode.swift; path = ContentView.swift; sourceTree = "<group>"; };
		25A225082B8EC1BD0073494F /* Assets.xcassets */ = {isa = PBXFileReference; lastKnownFileType = folder.assetcatalog; path = Assets.xcassets; sourceTree = "<group>"; };
		25A2250B2B8EC1BD0073494F /* Preview Assets.xcassets */ = {isa = PBXFileReference; lastKnownFileType = folder.assetcatalog; path = "Preview Assets.xcassets"; sourceTree = "<group>"; };
		25A225112B8EC1BD0073494F /* MapKitDemoTests.xctest */ = {isa = PBXFileReference; explicitFileType = wrapper.cfbundle; includeInIndex = 0; path = MapKitDemoTests.xctest; sourceTree = BUILT_PRODUCTS_DIR; };
		25A225152B8EC1BD0073494F /* MapKitDemoTests.swift */ = {isa = PBXFileReference; lastKnownFileType = sourcecode.swift; path = MapKitDemoTests.swift; sourceTree = "<group>"; };
		25A2251B2B8EC1BD0073494F /* MapKitDemoUITests.xctest */ = {isa = PBXFileReference; explicitFileType = wrapper.cfbundle; includeInIndex = 0; path = MapKitDemoUITests.xctest; sourceTree = BUILT_PRODUCTS_DIR; };
		25A2251F2B8EC1BD0073494F /* MapKitDemoUITests.swift */ = {isa = PBXFileReference; lastKnownFileType = sourcecode.swift; path = MapKitDemoUITests.swift; sourceTree = "<group>"; };
		25A225212B8EC1BD0073494F /* MapKitDemoUITestsLaunchTests.swift */ = {isa = PBXFileReference; lastKnownFileType = sourcecode.swift; path = MapKitDemoUITestsLaunchTests.swift; sourceTree = "<group>"; };
		25A2252E2B8EC7D40073494F /* SplashScreenView.swift */ = {isa = PBXFileReference; lastKnownFileType = sourcecode.swift; path = SplashScreenView.swift; sourceTree = "<group>"; };
/* End PBXFileReference section */

/* Begin PBXFrameworksBuildPhase section */
		25A224FE2B8EC1BC0073494F /* Frameworks */ = {
			isa = PBXFrameworksBuildPhase;
			buildActionMask = 2147483647;
			files = (
			);
			runOnlyForDeploymentPostprocessing = 0;
		};
		25A2250E2B8EC1BD0073494F /* Frameworks */ = {
			isa = PBXFrameworksBuildPhase;
			buildActionMask = 2147483647;
			files = (
			);
			runOnlyForDeploymentPostprocessing = 0;
		};
		25A225182B8EC1BD0073494F /* Frameworks */ = {
			isa = PBXFrameworksBuildPhase;
			buildActionMask = 2147483647;
			files = (
			);
			runOnlyForDeploymentPostprocessing = 0;
		};
/* End PBXFrameworksBuildPhase section */

/* Begin PBXGroup section */
		25A224F82B8EC1BB0073494F = {
			isa = PBXGroup;
			children = (
				25A225032B8EC1BC0073494F /* MapKitDemo */,
				25A225142B8EC1BD0073494F /* MapKitDemoTests */,
				25A2251E2B8EC1BD0073494F /* MapKitDemoUITests */,
				25A225022B8EC1BC0073494F /* Products */,
			);
			sourceTree = "<group>";
		};
		25A225022B8EC1BC0073494F /* Products */ = {
			isa = PBXGroup;
			children = (
				25A225012B8EC1BC0073494F /* MapKitDemo.app */,
				25A225112B8EC1BD0073494F /* MapKitDemoTests.xctest */,
				25A2251B2B8EC1BD0073494F /* MapKitDemoUITests.xctest */,
			);
			name = Products;
			sourceTree = "<group>";
		};
		25A225032B8EC1BC0073494F /* MapKitDemo */ = {
			isa = PBXGroup;
			children = (
				25A225042B8EC1BC0073494F /* MapKitDemoApp.swift */,
				25A225062B8EC1BC0073494F /* ContentView.swift */,
				25A2252E2B8EC7D40073494F /* SplashScreenView.swift */,
				25A225082B8EC1BD0073494F /* Assets.xcassets */,
				25A2250A2B8EC1BD0073494F /* Preview Content */,
			);
			path = MapKitDemo;
			sourceTree = "<group>";
		};
		25A2250A2B8EC1BD0073494F /* Preview Content */ = {
			isa = PBXGroup;
			children = (
				25A2250B2B8EC1BD0073494F /* Preview Assets.xcassets */,
			);
			path = "Preview Content";
			sourceTree = "<group>";
		};
		25A225142B8EC1BD0073494F /* MapKitDemoTests */ = {
			isa = PBXGroup;
			children = (
				25A225152B8EC1BD0073494F /* MapKitDemoTests.swift */,
			);
			path = MapKitDemoTests;
			sourceTree = "<group>";
		};
		25A2251E2B8EC1BD0073494F /* MapKitDemoUITests */ = {
			isa = PBXGroup;
			children = (
				25A2251F2B8EC1BD0073494F /* MapKitDemoUITests.swift */,
				25A225212B8EC1BD0073494F /* MapKitDemoUITestsLaunchTests.swift */,
			);
			path = MapKitDemoUITests;
			sourceTree = "<group>";
		};
/* End PBXGroup section */

/* Begin PBXNativeTarget section */
		25A225002B8EC1BC0073494F /* MapKitDemo */ = {
			isa = PBXNativeTarget;
			buildConfigurationList = 25A225252B8EC1BD0073494F /* Build configuration list for PBXNativeTarget "MapKitDemo" */;
			buildPhases = (
				25A224FD2B8EC1BC0073494F /* Sources */,
				25A224FE2B8EC1BC0073494F /* Frameworks */,
				25A224FF2B8EC1BC0073494F /* Resources */,
			);
			buildRules = (
			);
			dependencies = (
			);
			name = MapKitDemo;
			productName = MapKitDemo;
			productReference = 25A225012B8EC1BC0073494F /* MapKitDemo.app */;
			productType = "com.apple.product-type.application";
		};
		25A225102B8EC1BD0073494F /* MapKitDemoTests */ = {
			isa = PBXNativeTarget;
			buildConfigurationList = 25A225282B8EC1BD0073494F /* Build configuration list for PBXNativeTarget "MapKitDemoTests" */;
			buildPhases = (
				25A2250D2B8EC1BD0073494F /* Sources */,
				25A2250E2B8EC1BD0073494F /* Frameworks */,
				25A2250F2B8EC1BD0073494F /* Resources */,
			);
			buildRules = (
			);
			dependencies = (
				25A225132B8EC1BD0073494F /* PBXTargetDependency */,
			);
			name = MapKitDemoTests;
			productName = MapKitDemoTests;
			productReference = 25A225112B8EC1BD0073494F /* MapKitDemoTests.xctest */;
			productType = "com.apple.product-type.bundle.unit-test";
		};
		25A2251A2B8EC1BD0073494F /* MapKitDemoUITests */ = {
			isa = PBXNativeTarget;
			buildConfigurationList = 25A2252B2B8EC1BD0073494F /* Build configuration list for PBXNativeTarget "MapKitDemoUITests" */;
			buildPhases = (
				25A225172B8EC1BD0073494F /* Sources */,
				25A225182B8EC1BD0073494F /* Frameworks */,
				25A225192B8EC1BD0073494F /* Resources */,
			);
			buildRules = (
			);
			dependencies = (
				25A2251D2B8EC1BD0073494F /* PBXTargetDependency */,
			);
			name = MapKitDemoUITests;
			productName = MapKitDemoUITests;
			productReference = 25A2251B2B8EC1BD0073494F /* MapKitDemoUITests.xctest */;
			productType = "com.apple.product-type.bundle.ui-testing";
		};
/* End PBXNativeTarget section */

/* Begin PBXProject section */
		25A224F92B8EC1BB0073494F /* Project object */ = {
			isa = PBXProject;
			attributes = {
				BuildIndependentTargetsInParallel = 1;
				LastSwiftUpdateCheck = 1520;
				LastUpgradeCheck = 1520;
				TargetAttributes = {
					25A225002B8EC1BC0073494F = {
						CreatedOnToolsVersion = 15.2;
					};
					25A225102B8EC1BD0073494F = {
						CreatedOnToolsVersion = 15.2;
						TestTargetID = 25A225002B8EC1BC0073494F;
					};
					25A2251A2B8EC1BD0073494F = {
						CreatedOnToolsVersion = 15.2;
						TestTargetID = 25A225002B8EC1BC0073494F;
					};
				};
			};
			buildConfigurationList = 25A224FC2B8EC1BB0073494F /* Build configuration list for PBXProject "MapKitDemo" */;
			compatibilityVersion = "Xcode 14.0";
			developmentRegion = en;
			hasScannedForEncodings = 0;
			knownRegions = (
				en,
				Base,
			);
			mainGroup = 25A224F82B8EC1BB0073494F;
			productRefGroup = 25A225022B8EC1BC0073494F /* Products */;
			projectDirPath = "";
			projectRoot = "";
			targets = (
				25A225002B8EC1BC0073494F /* MapKitDemo */,
				25A225102B8EC1BD0073494F /* MapKitDemoTests */,
				25A2251A2B8EC1BD0073494F /* MapKitDemoUITests */,
			);
		};
/* End PBXProject section */

/* Begin PBXResourcesBuildPhase section */
		25A224FF2B8EC1BC0073494F /* Resources */ = {
			isa = PBXResourcesBuildPhase;
			buildActionMask = 2147483647;
			files = (
				25A2250C2B8EC1BD0073494F /* Preview Assets.xcassets in Resources */,
				25A225092B8EC1BD0073494F /* Assets.xcassets in Resources */,
			);
			runOnlyForDeploymentPostprocessing = 0;
		};
		25A2250F2B8EC1BD0073494F /* Resources */ = {
			isa = PBXResourcesBuildPhase;
			buildActionMask = 2147483647;
			files = (
			);
			runOnlyForDeploymentPostprocessing = 0;
		};
		25A225192B8EC1BD0073494F /* Resources */ = {
			isa = PBXResourcesBuildPhase;
			buildActionMask = 2147483647;
			files = (
			);
			runOnlyForDeploymentPostprocessing = 0;
		};
/* End PBXResourcesBuildPhase section */

/* Begin PBXSourcesBuildPhase section */
		25A224FD2B8EC1BC0073494F /* Sources */ = {
			isa = PBXSourcesBuildPhase;
			buildActionMask = 2147483647;
			files = (
				25A225072B8EC1BC0073494F /* ContentView.swift in Sources */,
				25A225052B8EC1BC0073494F /* MapKitDemoApp.swift in Sources */,
				25A2252F2B8EC7D40073494F /* SplashScreenView.swift in Sources */,
			);
			runOnlyForDeploymentPostprocessing = 0;
		};
		25A2250D2B8EC1BD0073494F /* Sources */ = {
			isa = PBXSourcesBuildPhase;
			buildActionMask = 2147483647;
			files = (
				25A225162B8EC1BD0073494F /* MapKitDemoTests.swift in Sources */,
			);
			runOnlyForDeploymentPostprocessing = 0;
		};
		25A225172B8EC1BD0073494F /* Sources */ = {
			isa = PBXSourcesBuildPhase;
			buildActionMask = 2147483647;
			files = (
				25A225202B8EC1BD0073494F /* MapKitDemoUITests.swift in Sources */,
				25A225222B8EC1BD0073494F /* MapKitDemoUITestsLaunchTests.swift in Sources */,
			);
			runOnlyForDeploymentPostprocessing = 0;
		};
/* End PBXSourcesBuildPhase section */

/* Begin PBXTargetDependency section */
		25A225132B8EC1BD0073494F /* PBXTargetDependency */ = {
			isa = PBXTargetDependency;
			target = 25A225002B8EC1BC0073494F /* MapKitDemo */;
			targetProxy = 25A225122B8EC1BD0073494F /* PBXContainerItemProxy */;
		};
		25A2251D2B8EC1BD0073494F /* PBXTargetDependency */ = {
			isa = PBXTargetDependency;
			target = 25A225002B8EC1BC0073494F /* MapKitDemo */;
			targetProxy = 25A2251C2B8EC1BD0073494F /* PBXContainerItemProxy */;
		};
/* End PBXTargetDependency section */

/* Begin XCBuildConfiguration section */
		25A225232B8EC1BD0073494F /* Debug */ = {
			isa = XCBuildConfiguration;
			buildSettings = {
				ALWAYS_SEARCH_USER_PATHS = NO;
				ASSETCATALOG_COMPILER_GENERATE_SWIFT_ASSET_SYMBOL_EXTENSIONS = YES;
				CLANG_ANALYZER_NONNULL = YES;
				CLANG_ANALYZER_NUMBER_OBJECT_CONVERSION = YES_AGGRESSIVE;
				CLANG_CXX_LANGUAGE_STANDARD = "gnu++20";
				CLANG_ENABLE_MODULES = YES;
				CLANG_ENABLE_OBJC_ARC = YES;
				CLANG_ENABLE_OBJC_WEAK = YES;
				CLANG_WARN_BLOCK_CAPTURE_AUTORELEASING = YES;
				CLANG_WARN_BOOL_CONVERSION = YES;
				CLANG_WARN_COMMA = YES;
				CLANG_WARN_CONSTANT_CONVERSION = YES;
				CLANG_WARN_DEPRECATED_OBJC_IMPLEMENTATIONS = YES;
				CLANG_WARN_DIRECT_OBJC_ISA_USAGE = YES_ERROR;
				CLANG_WARN_DOCUMENTATION_COMMENTS = YES;
				CLANG_WARN_EMPTY_BODY = YES;
				CLANG_WARN_ENUM_CONVERSION = YES;
				CLANG_WARN_INFINITE_RECURSION = YES;
				CLANG_WARN_INT_CONVERSION = YES;
				CLANG_WARN_NON_LITERAL_NULL_CONVERSION = YES;
				CLANG_WARN_OBJC_IMPLICIT_RETAIN_SELF = YES;
				CLANG_WARN_OBJC_LITERAL_CONVERSION = YES;
				CLANG_WARN_OBJC_ROOT_CLASS = YES_ERROR;
				CLANG_WARN_QUOTED_INCLUDE_IN_FRAMEWORK_HEADER = YES;
				CLANG_WARN_RANGE_LOOP_ANALYSIS = YES;
				CLANG_WARN_STRICT_PROTOTYPES = YES;
				CLANG_WARN_SUSPICIOUS_MOVE = YES;
				CLANG_WARN_UNGUARDED_AVAILABILITY = YES_AGGRESSIVE;
				CLANG_WARN_UNREACHABLE_CODE = YES;
				CLANG_WARN__DUPLICATE_METHOD_MATCH = YES;
				COPY_PHASE_STRIP = NO;
				DEBUG_INFORMATION_FORMAT = dwarf;
				ENABLE_STRICT_OBJC_MSGSEND = YES;
				ENABLE_TESTABILITY = YES;
				ENABLE_USER_SCRIPT_SANDBOXING = YES;
				GCC_C_LANGUAGE_STANDARD = gnu17;
				GCC_DYNAMIC_NO_PIC = NO;
				GCC_NO_COMMON_BLOCKS = YES;
				GCC_OPTIMIZATION_LEVEL = 0;
				GCC_PREPROCESSOR_DEFINITIONS = (
					"DEBUG=1",
					"$(inherited)",
				);
				GCC_WARN_64_TO_32_BIT_CONVERSION = YES;
				GCC_WARN_ABOUT_RETURN_TYPE = YES_ERROR;
				GCC_WARN_UNDECLARED_SELECTOR = YES;
				GCC_WARN_UNINITIALIZED_AUTOS = YES_AGGRESSIVE;
				GCC_WARN_UNUSED_FUNCTION = YES;
				GCC_WARN_UNUSED_VARIABLE = YES;
				IPHONEOS_DEPLOYMENT_TARGET = 17.2;
				LOCALIZATION_PREFERS_STRING_CATALOGS = YES;
				MTL_ENABLE_DEBUG_INFO = INCLUDE_SOURCE;
				MTL_FAST_MATH = YES;
				ONLY_ACTIVE_ARCH = YES;
				SDKROOT = iphoneos;
				SWIFT_ACTIVE_COMPILATION_CONDITIONS = "DEBUG $(inherited)";
				SWIFT_OPTIMIZATION_LEVEL = "-Onone";
			};
			name = Debug;
		};
		25A225242B8EC1BD0073494F /* Release */ = {
			isa = XCBuildConfiguration;
			buildSettings = {
				ALWAYS_SEARCH_USER_PATHS = NO;
				ASSETCATALOG_COMPILER_GENERATE_SWIFT_ASSET_SYMBOL_EXTENSIONS = YES;
				CLANG_ANALYZER_NONNULL = YES;
				CLANG_ANALYZER_NUMBER_OBJECT_CONVERSION = YES_AGGRESSIVE;
				CLANG_CXX_LANGUAGE_STANDARD = "gnu++20";
				CLANG_ENABLE_MODULES = YES;
				CLANG_ENABLE_OBJC_ARC = YES;
				CLANG_ENABLE_OBJC_WEAK = YES;
				CLANG_WARN_BLOCK_CAPTURE_AUTORELEASING = YES;
				CLANG_WARN_BOOL_CONVERSION = YES;
				CLANG_WARN_COMMA = YES;
				CLANG_WARN_CONSTANT_CONVERSION = YES;
				CLANG_WARN_DEPRECATED_OBJC_IMPLEMENTATIONS = YES;
				CLANG_WARN_DIRECT_OBJC_ISA_USAGE = YES_ERROR;
				CLANG_WARN_DOCUMENTATION_COMMENTS = YES;
				CLANG_WARN_EMPTY_BODY = YES;
				CLANG_WARN_ENUM_CONVERSION = YES;
				CLANG_WARN_INFINITE_RECURSION = YES;
				CLANG_WARN_INT_CONVERSION = YES;
				CLANG_WARN_NON_LITERAL_NULL_CONVERSION = YES;
				CLANG_WARN_OBJC_IMPLICIT_RETAIN_SELF = YES;
				CLANG_WARN_OBJC_LITERAL_CONVERSION = YES;
				CLANG_WARN_OBJC_ROOT_CLASS = YES_ERROR;
				CLANG_WARN_QUOTED_INCLUDE_IN_FRAMEWORK_HEADER = YES;
				CLANG_WARN_RANGE_LOOP_ANALYSIS = YES;
				CLANG_WARN_STRICT_PROTOTYPES = YES;
				CLANG_WARN_SUSPICIOUS_MOVE = YES;
				CLANG_WARN_UNGUARDED_AVAILABILITY = YES_AGGRESSIVE;
				CLANG_WARN_UNREACHABLE_CODE = YES;
				CLANG_WARN__DUPLICATE_METHOD_MATCH = YES;
				COPY_PHASE_STRIP = NO;
				DEBUG_INFORMATION_FORMAT = "dwarf-with-dsym";
				ENABLE_NS_ASSERTIONS = NO;
				ENABLE_STRICT_OBJC_MSGSEND = YES;
				ENABLE_USER_SCRIPT_SANDBOXING = YES;
				GCC_C_LANGUAGE_STANDARD = gnu17;
				GCC_NO_COMMON_BLOCKS = YES;
				GCC_WARN_64_TO_32_BIT_CONVERSION = YES;
				GCC_WARN_ABOUT_RETURN_TYPE = YES_ERROR;
				GCC_WARN_UNDECLARED_SELECTOR = YES;
				GCC_WARN_UNINITIALIZED_AUTOS = YES_AGGRESSIVE;
				GCC_WARN_UNUSED_FUNCTION = YES;
				GCC_WARN_UNUSED_VARIABLE = YES;
				IPHONEOS_DEPLOYMENT_TARGET = 17.2;
				LOCALIZATION_PREFERS_STRING_CATALOGS = YES;
				MTL_ENABLE_DEBUG_INFO = NO;
				MTL_FAST_MATH = YES;
				SDKROOT = iphoneos;
				SWIFT_COMPILATION_MODE = wholemodule;
				VALIDATE_PRODUCT = YES;
			};
			name = Release;
		};
		25A225262B8EC1BD0073494F /* Debug */ = {
			isa = XCBuildConfiguration;
			buildSettings = {
				ASSETCATALOG_COMPILER_APPICON_NAME = AppIcon;
				ASSETCATALOG_COMPILER_GLOBAL_ACCENT_COLOR_NAME = AccentColor;
				CODE_SIGN_STYLE = Automatic;
				CURRENT_PROJECT_VERSION = 1;
				DEVELOPMENT_ASSET_PATHS = "\"MapKitDemo/Preview Content\"";
				ENABLE_PREVIEWS = YES;
				GENERATE_INFOPLIST_FILE = YES;
				INFOPLIST_KEY_UIApplicationSceneManifest_Generation = YES;
				INFOPLIST_KEY_UIApplicationSupportsIndirectInputEvents = YES;
				INFOPLIST_KEY_UILaunchScreen_Generation = YES;
				INFOPLIST_KEY_UISupportedInterfaceOrientations_iPad = "UIInterfaceOrientationPortrait UIInterfaceOrientationPortraitUpsideDown UIInterfaceOrientationLandscapeLeft UIInterfaceOrientationLandscapeRight";
				INFOPLIST_KEY_UISupportedInterfaceOrientations_iPhone = "UIInterfaceOrientationPortrait UIInterfaceOrientationLandscapeLeft UIInterfaceOrientationLandscapeRight";
				LD_RUNPATH_SEARCH_PATHS = (
					"$(inherited)",
					"@executable_path/Frameworks",
				);
				MARKETING_VERSION = 1.0;
				PRODUCT_BUNDLE_IDENTIFIER = com.oba.MapKitDemo;
				PRODUCT_NAME = "$(TARGET_NAME)";
				SWIFT_EMIT_LOC_STRINGS = YES;
				SWIFT_VERSION = 5.0;
				TARGETED_DEVICE_FAMILY = "1,2";
			};
			name = Debug;
		};
		25A225272B8EC1BD0073494F /* Release */ = {
			isa = XCBuildConfiguration;
			buildSettings = {
				ASSETCATALOG_COMPILER_APPICON_NAME = AppIcon;
				ASSETCATALOG_COMPILER_GLOBAL_ACCENT_COLOR_NAME = AccentColor;
				CODE_SIGN_STYLE = Automatic;
				CURRENT_PROJECT_VERSION = 1;
				DEVELOPMENT_ASSET_PATHS = "\"MapKitDemo/Preview Content\"";
				ENABLE_PREVIEWS = YES;
				GENERATE_INFOPLIST_FILE = YES;
				INFOPLIST_KEY_UIApplicationSceneManifest_Generation = YES;
				INFOPLIST_KEY_UIApplicationSupportsIndirectInputEvents = YES;
				INFOPLIST_KEY_UILaunchScreen_Generation = YES;
				INFOPLIST_KEY_UISupportedInterfaceOrientations_iPad = "UIInterfaceOrientationPortrait UIInterfaceOrientationPortraitUpsideDown UIInterfaceOrientationLandscapeLeft UIInterfaceOrientationLandscapeRight";
				INFOPLIST_KEY_UISupportedInterfaceOrientations_iPhone = "UIInterfaceOrientationPortrait UIInterfaceOrientationLandscapeLeft UIInterfaceOrientationLandscapeRight";
				LD_RUNPATH_SEARCH_PATHS = (
					"$(inherited)",
					"@executable_path/Frameworks",
				);
				MARKETING_VERSION = 1.0;
				PRODUCT_BUNDLE_IDENTIFIER = com.oba.MapKitDemo;
				PRODUCT_NAME = "$(TARGET_NAME)";
				SWIFT_EMIT_LOC_STRINGS = YES;
				SWIFT_VERSION = 5.0;
				TARGETED_DEVICE_FAMILY = "1,2";
			};
			name = Release;
		};
		25A225292B8EC1BD0073494F /* Debug */ = {
			isa = XCBuildConfiguration;
			buildSettings = {
				ALWAYS_EMBED_SWIFT_STANDARD_LIBRARIES = YES;
				BUNDLE_LOADER = "$(TEST_HOST)";
				CODE_SIGN_STYLE = Automatic;
				CURRENT_PROJECT_VERSION = 1;
				GENERATE_INFOPLIST_FILE = YES;
				IPHONEOS_DEPLOYMENT_TARGET = 17.2;
				MARKETING_VERSION = 1.0;
				PRODUCT_BUNDLE_IDENTIFIER = com.oba.MapKitDemoTests;
				PRODUCT_NAME = "$(TARGET_NAME)";
				SWIFT_EMIT_LOC_STRINGS = NO;
				SWIFT_VERSION = 5.0;
				TARGETED_DEVICE_FAMILY = "1,2";
				TEST_HOST = "$(BUILT_PRODUCTS_DIR)/MapKitDemo.app/$(BUNDLE_EXECUTABLE_FOLDER_PATH)/MapKitDemo";
			};
			name = Debug;
		};
		25A2252A2B8EC1BD0073494F /* Release */ = {
			isa = XCBuildConfiguration;
			buildSettings = {
				ALWAYS_EMBED_SWIFT_STANDARD_LIBRARIES = YES;
				BUNDLE_LOADER = "$(TEST_HOST)";
				CODE_SIGN_STYLE = Automatic;
				CURRENT_PROJECT_VERSION = 1;
				GENERATE_INFOPLIST_FILE = YES;
				IPHONEOS_DEPLOYMENT_TARGET = 17.2;
				MARKETING_VERSION = 1.0;
				PRODUCT_BUNDLE_IDENTIFIER = com.oba.MapKitDemoTests;
				PRODUCT_NAME = "$(TARGET_NAME)";
				SWIFT_EMIT_LOC_STRINGS = NO;
				SWIFT_VERSION = 5.0;
				TARGETED_DEVICE_FAMILY = "1,2";
				TEST_HOST = "$(BUILT_PRODUCTS_DIR)/MapKitDemo.app/$(BUNDLE_EXECUTABLE_FOLDER_PATH)/MapKitDemo";
			};
			name = Release;
		};
		25A2252C2B8EC1BD0073494F /* Debug */ = {
			isa = XCBuildConfiguration;
			buildSettings = {
				ALWAYS_EMBED_SWIFT_STANDARD_LIBRARIES = YES;
				CODE_SIGN_STYLE = Automatic;
				CURRENT_PROJECT_VERSION = 1;
				GENERATE_INFOPLIST_FILE = YES;
				MARKETING_VERSION = 1.0;
				PRODUCT_BUNDLE_IDENTIFIER = com.oba.MapKitDemoUITests;
				PRODUCT_NAME = "$(TARGET_NAME)";
				SWIFT_EMIT_LOC_STRINGS = NO;
				SWIFT_VERSION = 5.0;
				TARGETED_DEVICE_FAMILY = "1,2";
				TEST_TARGET_NAME = MapKitDemo;
			};
			name = Debug;
		};
		25A2252D2B8EC1BD0073494F /* Release */ = {
			isa = XCBuildConfiguration;
			buildSettings = {
				ALWAYS_EMBED_SWIFT_STANDARD_LIBRARIES = YES;
				CODE_SIGN_STYLE = Automatic;
				CURRENT_PROJECT_VERSION = 1;
				GENERATE_INFOPLIST_FILE = YES;
				MARKETING_VERSION = 1.0;
				PRODUCT_BUNDLE_IDENTIFIER = com.oba.MapKitDemoUITests;
				PRODUCT_NAME = "$(TARGET_NAME)";
				SWIFT_EMIT_LOC_STRINGS = NO;
				SWIFT_VERSION = 5.0;
				TARGETED_DEVICE_FAMILY = "1,2";
				TEST_TARGET_NAME = MapKitDemo;
			};
			name = Release;
		};
/* End XCBuildConfiguration section */

/* Begin XCConfigurationList section */
		25A224FC2B8EC1BB0073494F /* Build configuration list for PBXProject "MapKitDemo" */ = {
			isa = XCConfigurationList;
			buildConfigurations = (
				25A225232B8EC1BD0073494F /* Debug */,
				25A225242B8EC1BD0073494F /* Release */,
			);
			defaultConfigurationIsVisible = 0;
			defaultConfigurationName = Release;
		};
		25A225252B8EC1BD0073494F /* Build configuration list for PBXNativeTarget "MapKitDemo" */ = {
			isa = XCConfigurationList;
			buildConfigurations = (
				25A225262B8EC1BD0073494F /* Debug */,
				25A225272B8EC1BD0073494F /* Release */,
			);
			defaultConfigurationIsVisible = 0;
			defaultConfigurationName = Release;
		};
		25A225282B8EC1BD0073494F /* Build configuration list for PBXNativeTarget "MapKitDemoTests" */ = {
			isa = XCConfigurationList;
			buildConfigurations = (
				25A225292B8EC1BD0073494F /* Debug */,
				25A2252A2B8EC1BD0073494F /* Release */,
			);
			defaultConfigurationIsVisible = 0;
			defaultConfigurationName = Release;
		};
		25A2252B2B8EC1BD0073494F /* Build configuration list for PBXNativeTarget "MapKitDemoUITests" */ = {
			isa = XCConfigurationList;
			buildConfigurations = (
				25A2252C2B8EC1BD0073494F /* Debug */,
				25A2252D2B8EC1BD0073494F /* Release */,
			);
			defaultConfigurationIsVisible = 0;
			defaultConfigurationName = Release;
		};
/* End XCConfigurationList section */
	};
	rootObject = 25A224F92B8EC1BB0073494F /* Project object */;
}
